// !$*UTF8*$!
{
	archiveVersion = 1;
	classes = {
	};
	objectVersion = 77;
	objects = {

/* Begin PBXBuildFile section */
		CC1C8DB22D5DD0F2001DB95C /* Alamofire in Frameworks */ = {isa = PBXBuildFile; productRef = CC1C8DB12D5DD0F2001DB95C /* Alamofire */; };
		CCABAD322D6469F5006DC3A9 /* CropViewController in Frameworks */ = {isa = PBXBuildFile; productRef = CCABAD312D6469F5006DC3A9 /* CropViewController */; };
		CCABAD342D6469F5006DC3A9 /* TOCropViewController in Frameworks */ = {isa = PBXBuildFile; productRef = CCABAD332D6469F5006DC3A9 /* TOCropViewController */; };
/* End PBXBuildFile section */

/* Begin PBXContainerItemProxy section */
		CC1C8D092D5DBB6A001DB95C /* PBXContainerItemProxy */ = {
			isa = PBXContainerItemProxy;
			containerPortal = CC1C8CF02D5DBB68001DB95C /* Project object */;
			proxyType = 1;
			remoteGlobalIDString = CC1C8CF72D5DBB68001DB95C;
			remoteInfo = Karyah;
		};
		CC1C8D132D5DBB6A001DB95C /* PBXContainerItemProxy */ = {
			isa = PBXContainerItemProxy;
			containerPortal = CC1C8CF02D5DBB68001DB95C /* Project object */;
			proxyType = 1;
			remoteGlobalIDString = CC1C8CF72D5DBB68001DB95C;
			remoteInfo = Karyah;
		};
/* End PBXContainerItemProxy section */

/* Begin PBXFileReference section */
		CC1C8CF82D5DBB68001DB95C /* Karyah.app */ = {isa = PBXFileReference; explicitFileType = wrapper.application; includeInIndex = 0; path = Karyah.app; sourceTree = BUILT_PRODUCTS_DIR; };
		CC1C8D082D5DBB6A001DB95C /* KaryahTests.xctest */ = {isa = PBXFileReference; explicitFileType = wrapper.cfbundle; includeInIndex = 0; path = KaryahTests.xctest; sourceTree = BUILT_PRODUCTS_DIR; };
		CC1C8D122D5DBB6A001DB95C /* KaryahUITests.xctest */ = {isa = PBXFileReference; explicitFileType = wrapper.cfbundle; includeInIndex = 0; path = KaryahUITests.xctest; sourceTree = BUILT_PRODUCTS_DIR; };
/* End PBXFileReference section */

/* Begin PBXFileSystemSynchronizedBuildFileExceptionSet section */
		CC1C8D2D2D5DBBE7001DB95C /* Exceptions for "Karyah" folder in "Karyah" target */ = {
			isa = PBXFileSystemSynchronizedBuildFileExceptionSet;
			membershipExceptions = (
				Tests/UIAutomation/KaryahUITests/KaryahUITests.swift,
				Tests/UIAutomation/KaryahUITests/KaryahUITestsLaunchTests.swift,
				Tests/UnitTests/KaryahTests/KaryahTests.swift,
			);
			target = CC1C8CF72D5DBB68001DB95C /* Karyah */;
		};
		CC1C8D2E2D5DBBE7001DB95C /* Exceptions for "Karyah" folder in "KaryahUITests" target */ = {
			isa = PBXFileSystemSynchronizedBuildFileExceptionSet;
			membershipExceptions = (
				Tests/UIAutomation/KaryahUITests/KaryahUITests.swift,
				Tests/UIAutomation/KaryahUITests/KaryahUITestsLaunchTests.swift,
			);
			target = CC1C8D112D5DBB6A001DB95C /* KaryahUITests */;
		};
		CC1C8D322D5DBBEA001DB95C /* Exceptions for "Karyah" folder in "KaryahTests" target */ = {
			isa = PBXFileSystemSynchronizedBuildFileExceptionSet;
			membershipExceptions = (
				Tests/UnitTests/KaryahTests/KaryahTests.swift,
			);
			target = CC1C8D072D5DBB6A001DB95C /* KaryahTests */;
		};
/* End PBXFileSystemSynchronizedBuildFileExceptionSet section */

/* Begin PBXFileSystemSynchronizedRootGroup section */
		CC1C8CFA2D5DBB68001DB95C /* Karyah */ = {
			isa = PBXFileSystemSynchronizedRootGroup;
			exceptions = (
				CC1C8D2D2D5DBBE7001DB95C /* Exceptions for "Karyah" folder in "Karyah" target */,
				CC1C8D322D5DBBEA001DB95C /* Exceptions for "Karyah" folder in "KaryahTests" target */,
				CC1C8D2E2D5DBBE7001DB95C /* Exceptions for "Karyah" folder in "KaryahUITests" target */,
			);
			path = Karyah;
			sourceTree = "<group>";
		};
/* End PBXFileSystemSynchronizedRootGroup section */

/* Begin PBXFrameworksBuildPhase section */
		CC1C8CF52D5DBB68001DB95C /* Frameworks */ = {
			isa = PBXFrameworksBuildPhase;
			buildActionMask = 2147483647;
			files = (
				CC1C8DB22D5DD0F2001DB95C /* Alamofire in Frameworks */,
				CCABAD342D6469F5006DC3A9 /* TOCropViewController in Frameworks */,
				CCABAD322D6469F5006DC3A9 /* CropViewController in Frameworks */,
			);
			runOnlyForDeploymentPostprocessing = 0;
		};
		CC1C8D052D5DBB6A001DB95C /* Frameworks */ = {
			isa = PBXFrameworksBuildPhase;
			buildActionMask = 2147483647;
			files = (
			);
			runOnlyForDeploymentPostprocessing = 0;
		};
		CC1C8D0F2D5DBB6A001DB95C /* Frameworks */ = {
			isa = PBXFrameworksBuildPhase;
			buildActionMask = 2147483647;
			files = (
			);
			runOnlyForDeploymentPostprocessing = 0;
		};
/* End PBXFrameworksBuildPhase section */

/* Begin PBXGroup section */
		CC1C8CEF2D5DBB68001DB95C = {
			isa = PBXGroup;
			children = (
				CC1C8CFA2D5DBB68001DB95C /* Karyah */,
				CC1C8CF92D5DBB68001DB95C /* Products */,
			);
			sourceTree = "<group>";
		};
		CC1C8CF92D5DBB68001DB95C /* Products */ = {
			isa = PBXGroup;
			children = (
				CC1C8CF82D5DBB68001DB95C /* Karyah.app */,
				CC1C8D082D5DBB6A001DB95C /* KaryahTests.xctest */,
				CC1C8D122D5DBB6A001DB95C /* KaryahUITests.xctest */,
			);
			name = Products;
			sourceTree = "<group>";
		};
/* End PBXGroup section */

/* Begin PBXNativeTarget section */
		CC1C8CF72D5DBB68001DB95C /* Karyah */ = {
			isa = PBXNativeTarget;
			buildConfigurationList = CC1C8D1C2D5DBB6A001DB95C /* Build configuration list for PBXNativeTarget "Karyah" */;
			buildPhases = (
				CC1C8CF42D5DBB68001DB95C /* Sources */,
				CC1C8CF52D5DBB68001DB95C /* Frameworks */,
				CC1C8CF62D5DBB68001DB95C /* Resources */,
			);
			buildRules = (
			);
			dependencies = (
			);
			fileSystemSynchronizedGroups = (
				CC1C8CFA2D5DBB68001DB95C /* Karyah */,
			);
			name = Karyah;
			packageProductDependencies = (
				CC1C8DB12D5DD0F2001DB95C /* Alamofire */,
				CCABAD312D6469F5006DC3A9 /* CropViewController */,
				CCABAD332D6469F5006DC3A9 /* TOCropViewController */,
			);
			productName = Karyah;
			productReference = CC1C8CF82D5DBB68001DB95C /* Karyah.app */;
			productType = "com.apple.product-type.application";
		};
		CC1C8D072D5DBB6A001DB95C /* KaryahTests */ = {
			isa = PBXNativeTarget;
			buildConfigurationList = CC1C8D1F2D5DBB6A001DB95C /* Build configuration list for PBXNativeTarget "KaryahTests" */;
			buildPhases = (
				CC1C8D042D5DBB6A001DB95C /* Sources */,
				CC1C8D052D5DBB6A001DB95C /* Frameworks */,
				CC1C8D062D5DBB6A001DB95C /* Resources */,
			);
			buildRules = (
			);
			dependencies = (
				CC1C8D0A2D5DBB6A001DB95C /* PBXTargetDependency */,
			);
			name = KaryahTests;
			packageProductDependencies = (
			);
			productName = KaryahTests;
			productReference = CC1C8D082D5DBB6A001DB95C /* KaryahTests.xctest */;
			productType = "com.apple.product-type.bundle.unit-test";
		};
		CC1C8D112D5DBB6A001DB95C /* KaryahUITests */ = {
			isa = PBXNativeTarget;
			buildConfigurationList = CC1C8D222D5DBB6A001DB95C /* Build configuration list for PBXNativeTarget "KaryahUITests" */;
			buildPhases = (
				CC1C8D0E2D5DBB6A001DB95C /* Sources */,
				CC1C8D0F2D5DBB6A001DB95C /* Frameworks */,
				CC1C8D102D5DBB6A001DB95C /* Resources */,
			);
			buildRules = (
			);
			dependencies = (
				CC1C8D142D5DBB6A001DB95C /* PBXTargetDependency */,
			);
			name = KaryahUITests;
			packageProductDependencies = (
			);
			productName = KaryahUITests;
			productReference = CC1C8D122D5DBB6A001DB95C /* KaryahUITests.xctest */;
			productType = "com.apple.product-type.bundle.ui-testing";
		};
/* End PBXNativeTarget section */

/* Begin PBXProject section */
		CC1C8CF02D5DBB68001DB95C /* Project object */ = {
			isa = PBXProject;
			attributes = {
				BuildIndependentTargetsInParallel = 1;
				LastSwiftUpdateCheck = 1620;
				LastUpgradeCheck = 1620;
				TargetAttributes = {
					CC1C8CF72D5DBB68001DB95C = {
						CreatedOnToolsVersion = 16.2;
					};
					CC1C8D072D5DBB6A001DB95C = {
						CreatedOnToolsVersion = 16.2;
						TestTargetID = CC1C8CF72D5DBB68001DB95C;
					};
					CC1C8D112D5DBB6A001DB95C = {
						CreatedOnToolsVersion = 16.2;
						TestTargetID = CC1C8CF72D5DBB68001DB95C;
					};
				};
			};
			buildConfigurationList = CC1C8CF32D5DBB68001DB95C /* Build configuration list for PBXProject "Karyah" */;
			developmentRegion = en;
			hasScannedForEncodings = 0;
			knownRegions = (
				en,
				Base,
			);
			mainGroup = CC1C8CEF2D5DBB68001DB95C;
			minimizedProjectReferenceProxies = 1;
			packageReferences = (
				CC1C8DB02D5DD0F2001DB95C /* XCRemoteSwiftPackageReference "Alamofire" */,
				CCABAD302D6469F5006DC3A9 /* XCRemoteSwiftPackageReference "TOCropViewController" */,
			);
			preferredProjectObjectVersion = 77;
			productRefGroup = CC1C8CF92D5DBB68001DB95C /* Products */;
			projectDirPath = "";
			projectRoot = "";
			targets = (
				CC1C8CF72D5DBB68001DB95C /* Karyah */,
				CC1C8D072D5DBB6A001DB95C /* KaryahTests */,
				CC1C8D112D5DBB6A001DB95C /* KaryahUITests */,
			);
		};
/* End PBXProject section */

/* Begin PBXResourcesBuildPhase section */
		CC1C8CF62D5DBB68001DB95C /* Resources */ = {
			isa = PBXResourcesBuildPhase;
			buildActionMask = 2147483647;
			files = (
			);
			runOnlyForDeploymentPostprocessing = 0;
		};
		CC1C8D062D5DBB6A001DB95C /* Resources */ = {
			isa = PBXResourcesBuildPhase;
			buildActionMask = 2147483647;
			files = (
			);
			runOnlyForDeploymentPostprocessing = 0;
		};
		CC1C8D102D5DBB6A001DB95C /* Resources */ = {
			isa = PBXResourcesBuildPhase;
			buildActionMask = 2147483647;
			files = (
			);
			runOnlyForDeploymentPostprocessing = 0;
		};
/* End PBXResourcesBuildPhase section */

/* Begin PBXSourcesBuildPhase section */
		CC1C8CF42D5DBB68001DB95C /* Sources */ = {
			isa = PBXSourcesBuildPhase;
			buildActionMask = 2147483647;
			files = (
			);
			runOnlyForDeploymentPostprocessing = 0;
		};
		CC1C8D042D5DBB6A001DB95C /* Sources */ = {
			isa = PBXSourcesBuildPhase;
			buildActionMask = 2147483647;
			files = (
			);
			runOnlyForDeploymentPostprocessing = 0;
		};
		CC1C8D0E2D5DBB6A001DB95C /* Sources */ = {
			isa = PBXSourcesBuildPhase;
			buildActionMask = 2147483647;
			files = (
			);
			runOnlyForDeploymentPostprocessing = 0;
		};
/* End PBXSourcesBuildPhase section */

/* Begin PBXTargetDependency section */
		CC1C8D0A2D5DBB6A001DB95C /* PBXTargetDependency */ = {
			isa = PBXTargetDependency;
			target = CC1C8CF72D5DBB68001DB95C /* Karyah */;
			targetProxy = CC1C8D092D5DBB6A001DB95C /* PBXContainerItemProxy */;
		};
		CC1C8D142D5DBB6A001DB95C /* PBXTargetDependency */ = {
			isa = PBXTargetDependency;
			target = CC1C8CF72D5DBB68001DB95C /* Karyah */;
			targetProxy = CC1C8D132D5DBB6A001DB95C /* PBXContainerItemProxy */;
		};
/* End PBXTargetDependency section */

/* Begin XCBuildConfiguration section */
		CC1C8D1A2D5DBB6A001DB95C /* Debug */ = {
			isa = XCBuildConfiguration;
			buildSettings = {
				ALWAYS_SEARCH_USER_PATHS = NO;
				ASSETCATALOG_COMPILER_GENERATE_SWIFT_ASSET_SYMBOL_EXTENSIONS = YES;
				CLANG_ANALYZER_NONNULL = YES;
				CLANG_ANALYZER_NUMBER_OBJECT_CONVERSION = YES_AGGRESSIVE;
				CLANG_CXX_LANGUAGE_STANDARD = "gnu++20";
				CLANG_ENABLE_MODULES = YES;
				CLANG_ENABLE_OBJC_ARC = YES;
				CLANG_ENABLE_OBJC_WEAK = YES;
				CLANG_WARN_BLOCK_CAPTURE_AUTORELEASING = YES;
				CLANG_WARN_BOOL_CONVERSION = YES;
				CLANG_WARN_COMMA = YES;
				CLANG_WARN_CONSTANT_CONVERSION = YES;
				CLANG_WARN_DEPRECATED_OBJC_IMPLEMENTATIONS = YES;
				CLANG_WARN_DIRECT_OBJC_ISA_USAGE = YES_ERROR;
				CLANG_WARN_DOCUMENTATION_COMMENTS = YES;
				CLANG_WARN_EMPTY_BODY = YES;
				CLANG_WARN_ENUM_CONVERSION = YES;
				CLANG_WARN_INFINITE_RECURSION = YES;
				CLANG_WARN_INT_CONVERSION = YES;
				CLANG_WARN_NON_LITERAL_NULL_CONVERSION = YES;
				CLANG_WARN_OBJC_IMPLICIT_RETAIN_SELF = YES;
				CLANG_WARN_OBJC_LITERAL_CONVERSION = YES;
				CLANG_WARN_OBJC_ROOT_CLASS = YES_ERROR;
				CLANG_WARN_QUOTED_INCLUDE_IN_FRAMEWORK_HEADER = YES;
				CLANG_WARN_RANGE_LOOP_ANALYSIS = YES;
				CLANG_WARN_STRICT_PROTOTYPES = YES;
				CLANG_WARN_SUSPICIOUS_MOVE = YES;
				CLANG_WARN_UNGUARDED_AVAILABILITY = YES_AGGRESSIVE;
				CLANG_WARN_UNREACHABLE_CODE = YES;
				CLANG_WARN__DUPLICATE_METHOD_MATCH = YES;
				COPY_PHASE_STRIP = NO;
				DEBUG_INFORMATION_FORMAT = dwarf;
				ENABLE_STRICT_OBJC_MSGSEND = YES;
				ENABLE_TESTABILITY = YES;
				ENABLE_USER_SCRIPT_SANDBOXING = YES;
				GCC_C_LANGUAGE_STANDARD = gnu17;
				GCC_DYNAMIC_NO_PIC = NO;
				GCC_NO_COMMON_BLOCKS = YES;
				GCC_OPTIMIZATION_LEVEL = 0;
				GCC_PREPROCESSOR_DEFINITIONS = (
					"DEBUG=1",
					"$(inherited)",
				);
				GCC_WARN_64_TO_32_BIT_CONVERSION = YES;
				GCC_WARN_ABOUT_RETURN_TYPE = YES_ERROR;
				GCC_WARN_UNDECLARED_SELECTOR = YES;
				GCC_WARN_UNINITIALIZED_AUTOS = YES_AGGRESSIVE;
				GCC_WARN_UNUSED_FUNCTION = YES;
				GCC_WARN_UNUSED_VARIABLE = YES;
				IPHONEOS_DEPLOYMENT_TARGET = 18.2;
				LOCALIZATION_PREFERS_STRING_CATALOGS = YES;
				MTL_ENABLE_DEBUG_INFO = INCLUDE_SOURCE;
				MTL_FAST_MATH = YES;
				ONLY_ACTIVE_ARCH = YES;
				SDKROOT = iphoneos;
				SWIFT_ACTIVE_COMPILATION_CONDITIONS = "DEBUG $(inherited)";
				SWIFT_OPTIMIZATION_LEVEL = "-Onone";
			};
			name = Debug;
		};
		CC1C8D1B2D5DBB6A001DB95C /* Release */ = {
			isa = XCBuildConfiguration;
			buildSettings = {
				ALWAYS_SEARCH_USER_PATHS = NO;
				ASSETCATALOG_COMPILER_GENERATE_SWIFT_ASSET_SYMBOL_EXTENSIONS = YES;
				CLANG_ANALYZER_NONNULL = YES;
				CLANG_ANALYZER_NUMBER_OBJECT_CONVERSION = YES_AGGRESSIVE;
				CLANG_CXX_LANGUAGE_STANDARD = "gnu++20";
				CLANG_ENABLE_MODULES = YES;
				CLANG_ENABLE_OBJC_ARC = YES;
				CLANG_ENABLE_OBJC_WEAK = YES;
				CLANG_WARN_BLOCK_CAPTURE_AUTORELEASING = YES;
				CLANG_WARN_BOOL_CONVERSION = YES;
				CLANG_WARN_COMMA = YES;
				CLANG_WARN_CONSTANT_CONVERSION = YES;
				CLANG_WARN_DEPRECATED_OBJC_IMPLEMENTATIONS = YES;
				CLANG_WARN_DIRECT_OBJC_ISA_USAGE = YES_ERROR;
				CLANG_WARN_DOCUMENTATION_COMMENTS = YES;
				CLANG_WARN_EMPTY_BODY = YES;
				CLANG_WARN_ENUM_CONVERSION = YES;
				CLANG_WARN_INFINITE_RECURSION = YES;
				CLANG_WARN_INT_CONVERSION = YES;
				CLANG_WARN_NON_LITERAL_NULL_CONVERSION = YES;
				CLANG_WARN_OBJC_IMPLICIT_RETAIN_SELF = YES;
				CLANG_WARN_OBJC_LITERAL_CONVERSION = YES;
				CLANG_WARN_OBJC_ROOT_CLASS = YES_ERROR;
				CLANG_WARN_QUOTED_INCLUDE_IN_FRAMEWORK_HEADER = YES;
				CLANG_WARN_RANGE_LOOP_ANALYSIS = YES;
				CLANG_WARN_STRICT_PROTOTYPES = YES;
				CLANG_WARN_SUSPICIOUS_MOVE = YES;
				CLANG_WARN_UNGUARDED_AVAILABILITY = YES_AGGRESSIVE;
				CLANG_WARN_UNREACHABLE_CODE = YES;
				CLANG_WARN__DUPLICATE_METHOD_MATCH = YES;
				COPY_PHASE_STRIP = NO;
				DEBUG_INFORMATION_FORMAT = "dwarf-with-dsym";
				ENABLE_NS_ASSERTIONS = NO;
				ENABLE_STRICT_OBJC_MSGSEND = YES;
				ENABLE_USER_SCRIPT_SANDBOXING = YES;
				GCC_C_LANGUAGE_STANDARD = gnu17;
				GCC_NO_COMMON_BLOCKS = YES;
				GCC_WARN_64_TO_32_BIT_CONVERSION = YES;
				GCC_WARN_ABOUT_RETURN_TYPE = YES_ERROR;
				GCC_WARN_UNDECLARED_SELECTOR = YES;
				GCC_WARN_UNINITIALIZED_AUTOS = YES_AGGRESSIVE;
				GCC_WARN_UNUSED_FUNCTION = YES;
				GCC_WARN_UNUSED_VARIABLE = YES;
				IPHONEOS_DEPLOYMENT_TARGET = 18.2;
				LOCALIZATION_PREFERS_STRING_CATALOGS = YES;
				MTL_ENABLE_DEBUG_INFO = NO;
				MTL_FAST_MATH = YES;
				SDKROOT = iphoneos;
				SWIFT_COMPILATION_MODE = wholemodule;
				VALIDATE_PRODUCT = YES;
			};
			name = Release;
		};
		CC1C8D1D2D5DBB6A001DB95C /* Debug */ = {
			isa = XCBuildConfiguration;
			buildSettings = {
				ASSETCATALOG_COMPILER_APPICON_NAME = AppIcon;
				ASSETCATALOG_COMPILER_GLOBAL_ACCENT_COLOR_NAME = AccentColor;
				CODE_SIGN_STYLE = Automatic;
				CURRENT_PROJECT_VERSION = 1;
				DEVELOPMENT_ASSET_PATHS = "\"Karyah/Preview Content\"";
				ENABLE_PREVIEWS = YES;
				GENERATE_INFOPLIST_FILE = YES;
				INFOPLIST_KEY_NSCameraUsageDescription = "$(PRODUCT_NAME) Need Camera Access to Upload User's Profile Photo if he want to add.";
				INFOPLIST_KEY_UIApplicationSceneManifest_Generation = YES;
				INFOPLIST_KEY_UIApplicationSupportsIndirectInputEvents = YES;
				INFOPLIST_KEY_UILaunchScreen_Generation = YES;
				INFOPLIST_KEY_UISupportedInterfaceOrientations_iPad = "UIInterfaceOrientationPortrait UIInterfaceOrientationPortraitUpsideDown UIInterfaceOrientationLandscapeLeft UIInterfaceOrientationLandscapeRight";
				INFOPLIST_KEY_UISupportedInterfaceOrientations_iPhone = "UIInterfaceOrientationPortrait UIInterfaceOrientationLandscapeLeft UIInterfaceOrientationLandscapeRight";
				LD_RUNPATH_SEARCH_PATHS = (
					"$(inherited)",
					"@executable_path/Frameworks",
				);
				MARKETING_VERSION = 1.0;
				PRODUCT_BUNDLE_IDENTIFIER = com.techtech.Karyah;
				PRODUCT_NAME = "$(TARGET_NAME)";
				SWIFT_EMIT_LOC_STRINGS = YES;
				SWIFT_VERSION = 5.0;
				TARGETED_DEVICE_FAMILY = "1,2";
			};
			name = Debug;
		};
		CC1C8D1E2D5DBB6A001DB95C /* Release */ = {
			isa = XCBuildConfiguration;
			buildSettings = {
				ASSETCATALOG_COMPILER_APPICON_NAME = AppIcon;
				ASSETCATALOG_COMPILER_GLOBAL_ACCENT_COLOR_NAME = AccentColor;
				CODE_SIGN_STYLE = Automatic;
				CURRENT_PROJECT_VERSION = 1;
				DEVELOPMENT_ASSET_PATHS = "\"Karyah/Preview Content\"";
				ENABLE_PREVIEWS = YES;
				GENERATE_INFOPLIST_FILE = YES;
				INFOPLIST_KEY_NSCameraUsageDescription = "$(PRODUCT_NAME) Need Camera Access to Upload User's Profile Photo if he want to add.";
				INFOPLIST_KEY_UIApplicationSceneManifest_Generation = YES;
				INFOPLIST_KEY_UIApplicationSupportsIndirectInputEvents = YES;
				INFOPLIST_KEY_UILaunchScreen_Generation = YES;
				INFOPLIST_KEY_UISupportedInterfaceOrientations_iPad = "UIInterfaceOrientationPortrait UIInterfaceOrientationPortraitUpsideDown UIInterfaceOrientationLandscapeLeft UIInterfaceOrientationLandscapeRight";
				INFOPLIST_KEY_UISupportedInterfaceOrientations_iPhone = "UIInterfaceOrientationPortrait UIInterfaceOrientationLandscapeLeft UIInterfaceOrientationLandscapeRight";
				LD_RUNPATH_SEARCH_PATHS = (
					"$(inherited)",
					"@executable_path/Frameworks",
				);
				MARKETING_VERSION = 1.0;
				PRODUCT_BUNDLE_IDENTIFIER = com.techtech.Karyah;
				PRODUCT_NAME = "$(TARGET_NAME)";
				SWIFT_EMIT_LOC_STRINGS = YES;
				SWIFT_VERSION = 5.0;
				TARGETED_DEVICE_FAMILY = "1,2";
			};
			name = Release;
		};
		CC1C8D202D5DBB6A001DB95C /* Debug */ = {
			isa = XCBuildConfiguration;
			buildSettings = {
				BUNDLE_LOADER = "$(TEST_HOST)";
				CODE_SIGN_STYLE = Automatic;
				CURRENT_PROJECT_VERSION = 1;
				GENERATE_INFOPLIST_FILE = YES;
				IPHONEOS_DEPLOYMENT_TARGET = 18.2;
				MARKETING_VERSION = 1.0;
				PRODUCT_BUNDLE_IDENTIFIER = com.techtech.KaryahTests;
				PRODUCT_NAME = "$(TARGET_NAME)";
				SWIFT_EMIT_LOC_STRINGS = NO;
				SWIFT_VERSION = 5.0;
				TARGETED_DEVICE_FAMILY = "1,2";
				TEST_HOST = "$(BUILT_PRODUCTS_DIR)/Karyah.app/$(BUNDLE_EXECUTABLE_FOLDER_PATH)/Karyah";
			};
			name = Debug;
		};
		CC1C8D212D5DBB6A001DB95C /* Release */ = {
			isa = XCBuildConfiguration;
			buildSettings = {
				BUNDLE_LOADER = "$(TEST_HOST)";
				CODE_SIGN_STYLE = Automatic;
				CURRENT_PROJECT_VERSION = 1;
				GENERATE_INFOPLIST_FILE = YES;
				IPHONEOS_DEPLOYMENT_TARGET = 18.2;
				MARKETING_VERSION = 1.0;
				PRODUCT_BUNDLE_IDENTIFIER = com.techtech.KaryahTests;
				PRODUCT_NAME = "$(TARGET_NAME)";
				SWIFT_EMIT_LOC_STRINGS = NO;
				SWIFT_VERSION = 5.0;
				TARGETED_DEVICE_FAMILY = "1,2";
				TEST_HOST = "$(BUILT_PRODUCTS_DIR)/Karyah.app/$(BUNDLE_EXECUTABLE_FOLDER_PATH)/Karyah";
			};
			name = Release;
		};
		CC1C8D232D5DBB6A001DB95C /* Debug */ = {
			isa = XCBuildConfiguration;
			buildSettings = {
				CODE_SIGN_STYLE = Automatic;
				CURRENT_PROJECT_VERSION = 1;
				GENERATE_INFOPLIST_FILE = YES;
				MARKETING_VERSION = 1.0;
				PRODUCT_BUNDLE_IDENTIFIER = com.techtech.KaryahUITests;
				PRODUCT_NAME = "$(TARGET_NAME)";
				SWIFT_EMIT_LOC_STRINGS = NO;
				SWIFT_VERSION = 5.0;
				TARGETED_DEVICE_FAMILY = "1,2";
				TEST_TARGET_NAME = Karyah;
			};
			name = Debug;
		};
		CC1C8D242D5DBB6A001DB95C /* Release */ = {
			isa = XCBuildConfiguration;
			buildSettings = {
				CODE_SIGN_STYLE = Automatic;
				CURRENT_PROJECT_VERSION = 1;
				GENERATE_INFOPLIST_FILE = YES;
				MARKETING_VERSION = 1.0;
				PRODUCT_BUNDLE_IDENTIFIER = com.techtech.KaryahUITests;
				PRODUCT_NAME = "$(TARGET_NAME)";
				SWIFT_EMIT_LOC_STRINGS = NO;
				SWIFT_VERSION = 5.0;
				TARGETED_DEVICE_FAMILY = "1,2";
				TEST_TARGET_NAME = Karyah;
			};
			name = Release;
		};
/* End XCBuildConfiguration section */

/* Begin XCConfigurationList section */
		CC1C8CF32D5DBB68001DB95C /* Build configuration list for PBXProject "Karyah" */ = {
			isa = XCConfigurationList;
			buildConfigurations = (
				CC1C8D1A2D5DBB6A001DB95C /* Debug */,
				CC1C8D1B2D5DBB6A001DB95C /* Release */,
			);
			defaultConfigurationIsVisible = 0;
			defaultConfigurationName = Release;
		};
		CC1C8D1C2D5DBB6A001DB95C /* Build configuration list for PBXNativeTarget "Karyah" */ = {
			isa = XCConfigurationList;
			buildConfigurations = (
				CC1C8D1D2D5DBB6A001DB95C /* Debug */,
				CC1C8D1E2D5DBB6A001DB95C /* Release */,
			);
			defaultConfigurationIsVisible = 0;
			defaultConfigurationName = Release;
		};
		CC1C8D1F2D5DBB6A001DB95C /* Build configuration list for PBXNativeTarget "KaryahTests" */ = {
			isa = XCConfigurationList;
			buildConfigurations = (
				CC1C8D202D5DBB6A001DB95C /* Debug */,
				CC1C8D212D5DBB6A001DB95C /* Release */,
			);
			defaultConfigurationIsVisible = 0;
			defaultConfigurationName = Release;
		};
		CC1C8D222D5DBB6A001DB95C /* Build configuration list for PBXNativeTarget "KaryahUITests" */ = {
			isa = XCConfigurationList;
			buildConfigurations = (
				CC1C8D232D5DBB6A001DB95C /* Debug */,
				CC1C8D242D5DBB6A001DB95C /* Release */,
			);
			defaultConfigurationIsVisible = 0;
			defaultConfigurationName = Release;
		};
/* End XCConfigurationList section */

/* Begin XCRemoteSwiftPackageReference section */
		CC1C8DB02D5DD0F2001DB95C /* XCRemoteSwiftPackageReference "Alamofire" */ = {
			isa = XCRemoteSwiftPackageReference;
			repositoryURL = "https://github.com/Alamofire/Alamofire";
			requirement = {
				kind = upToNextMajorVersion;
				minimumVersion = 5.10.2;
			};
		};
		CCABAD302D6469F5006DC3A9 /* XCRemoteSwiftPackageReference "TOCropViewController" */ = {
			isa = XCRemoteSwiftPackageReference;
			repositoryURL = "https://github.com/TimOliver/TOCropViewController";
			requirement = {
				kind = upToNextMajorVersion;
				minimumVersion = 2.7.4;
			};
		};
/* End XCRemoteSwiftPackageReference section */

/* Begin XCSwiftPackageProductDependency section */
		CC1C8DB12D5DD0F2001DB95C /* Alamofire */ = {
			isa = XCSwiftPackageProductDependency;
			package = CC1C8DB02D5DD0F2001DB95C /* XCRemoteSwiftPackageReference "Alamofire" */;
			productName = Alamofire;
		};
		CCABAD312D6469F5006DC3A9 /* CropViewController */ = {
			isa = XCSwiftPackageProductDependency;
			package = CCABAD302D6469F5006DC3A9 /* XCRemoteSwiftPackageReference "TOCropViewController" */;
			productName = CropViewController;
		};
		CCABAD332D6469F5006DC3A9 /* TOCropViewController */ = {
			isa = XCSwiftPackageProductDependency;
			package = CCABAD302D6469F5006DC3A9 /* XCRemoteSwiftPackageReference "TOCropViewController" */;
			productName = TOCropViewController;
		};
/* End XCSwiftPackageProductDependency section */
	};
	rootObject = CC1C8CF02D5DBB68001DB95C /* Project object */;
}
